github.com/EMurray16/Rgo v1.0.0 h1:zqKFJqhVbeq/AEyFpeqTbz+URZ4vZNWxlWAtrDeWHe4=
github.com/EMurray16/Rgo v1.0.0/go.mod h1:aLODu0PPukfKl/r0Fi2ggmGBycOWlzt3BT8QgWj52so=
github.com/EMurray16/Rgo v1.0.1 h1:EbgbmJrJ/hn26Me4v2LQD+cEQw03vVdWyDNscpoX+7k=
github.com/EMurray16/Rgo v1.0.1/go.mod h1:aLODu0PPukfKl/r0Fi2ggmGBycOWlzt3BT8QgWj52so=
